
Microsoft Visual Studio Solution File, Format Version 12.00
# Visual Studio Version 16
VisualStudioVersion = 16.0.31129.286
MinimumVisualStudioVersion = 10.0.40219.1
Project("{9A19103F-16F7-4668-BE54-9A1E7A4F7556}") = "HypernovaLabsAPITest", "HypernovaLabsAPITest\HypernovaLabsAPITest.csproj", "{DFB2A2DE-8BB1-48FC-8152-35E6D0F86C6A}"
EndProject
Global
	GlobalSection(SolutionConfigurationPlatforms) = preSolution
		Debug|Any CPU = Debug|Any CPU
		Release|Any CPU = Release|Any CPU
	EndGlobalSection
	GlobalSection(ProjectConfigurationPlatforms) = postSolution
		{DFB2A2DE-8BB1-48FC-8152-35E6D0F86C6A}.Debug|Any CPU.ActiveCfg = Debug|Any CPU
		{DFB2A2DE-8BB1-48FC-8152-35E6D0F86C6A}.Debug|Any CPU.Build.0 = Debug|Any CPU
		{DFB2A2DE-8BB1-48FC-8152-35E6D0F86C6A}.Release|Any CPU.ActiveCfg = Release|Any CPU
		{DFB2A2DE-8BB1-48FC-8152-35E6D0F86C6A}.Release|Any CPU.Build.0 = Release|Any CPU
	EndGlobalSection
	GlobalSection(SolutionProperties) = preSolution
		HideSolutionNode = FALSE
	EndGlobalSection
	GlobalSection(ExtensibilityGlobals) = postSolution
		SolutionGuid = {D415BA69-F5D3-49CA-8E86-C65BC99DEF14}
	EndGlobalSection
EndGlobal
